
Microsoft Visual Studio Solution File, Format Version 12.00
# Visual Studio 14
VisualStudioVersion = 14.0.25420.1
MinimumVisualStudioVersion = 10.0.40219.1
Project("{8BC9CEB8-8B4A-11D0-8D11-00A0C91BC942}") = "VulkanSamples", "VulkanSamples\VulkanSamples.vcxproj", "{25DC1AE2-A30B-472C-974E-F11836267873}"
EndProject
Project("{8BC9CEB8-8B4A-11D0-8D11-00A0C91BC942}") = "01HelloTriangle", "01HelloTriangle\01HelloTriangle.vcxproj", "{54CFD586-F026-4554-A3EA-13B9E257A986}"
EndProject
Project("{8BC9CEB8-8B4A-11D0-8D11-00A0C91BC942}") = "temp", "temp\temp.vcxproj", "{73F9C6FA-C8BF-4830-A980-EF41C7116584}"
EndProject
Global
	GlobalSection(SolutionConfigurationPlatforms) = preSolution
		Debug|x64 = Debug|x64
		Debug|x86 = Debug|x86
		Release|x64 = Release|x64
		Release|x86 = Release|x86
	EndGlobalSection
	GlobalSection(ProjectConfigurationPlatforms) = postSolution
		{25DC1AE2-A30B-472C-974E-F11836267873}.Debug|x64.ActiveCfg = Debug|x64
		{25DC1AE2-A30B-472C-974E-F11836267873}.Debug|x64.Build.0 = Debug|x64
		{25DC1AE2-A30B-472C-974E-F11836267873}.Debug|x86.ActiveCfg = Debug|Win32
		{25DC1AE2-A30B-472C-974E-F11836267873}.Debug|x86.Build.0 = Debug|Win32
		{25DC1AE2-A30B-472C-974E-F11836267873}.Release|x64.ActiveCfg = Release|x64
		{25DC1AE2-A30B-472C-974E-F11836267873}.Release|x64.Build.0 = Release|x64
		{25DC1AE2-A30B-472C-974E-F11836267873}.Release|x86.ActiveCfg = Release|Win32
		{25DC1AE2-A30B-472C-974E-F11836267873}.Release|x86.Build.0 = Release|Win32
		{54CFD586-F026-4554-A3EA-13B9E257A986}.Debug|x64.ActiveCfg = Debug|x64
		{54CFD586-F026-4554-A3EA-13B9E257A986}.Debug|x64.Build.0 = Debug|x64
		{54CFD586-F026-4554-A3EA-13B9E257A986}.Debug|x86.ActiveCfg = Debug|Win32
		{54CFD586-F026-4554-A3EA-13B9E257A986}.Debug|x86.Build.0 = Debug|Win32
		{54CFD586-F026-4554-A3EA-13B9E257A986}.Release|x64.ActiveCfg = Release|x64
		{54CFD586-F026-4554-A3EA-13B9E257A986}.Release|x64.Build.0 = Release|x64
		{54CFD586-F026-4554-A3EA-13B9E257A986}.Release|x86.ActiveCfg = Release|Win32
		{54CFD586-F026-4554-A3EA-13B9E257A986}.Release|x86.Build.0 = Release|Win32
		{73F9C6FA-C8BF-4830-A980-EF41C7116584}.Debug|x64.ActiveCfg = Debug|x64
		{73F9C6FA-C8BF-4830-A980-EF41C7116584}.Debug|x64.Build.0 = Debug|x64
		{73F9C6FA-C8BF-4830-A980-EF41C7116584}.Debug|x86.ActiveCfg = Debug|Win32
		{73F9C6FA-C8BF-4830-A980-EF41C7116584}.Debug|x86.Build.0 = Debug|Win32
		{73F9C6FA-C8BF-4830-A980-EF41C7116584}.Release|x64.ActiveCfg = Release|x64
		{73F9C6FA-C8BF-4830-A980-EF41C7116584}.Release|x64.Build.0 = Release|x64
		{73F9C6FA-C8BF-4830-A980-EF41C7116584}.Release|x86.ActiveCfg = Release|Win32
		{73F9C6FA-C8BF-4830-A980-EF41C7116584}.Release|x86.Build.0 = Release|Win32
	EndGlobalSection
	GlobalSection(SolutionProperties) = preSolution
		HideSolutionNode = FALSE
	EndGlobalSection
EndGlobal
